// !$*UTF8*$!
{
	archiveVersion = 1;
	classes = {
	};
	objectVersion = 51;
	objects = {

/* Begin PBXBuildFile section */
		050A5F222535254500BF3D18 /* PersistenceManager.swift in Sources */ = {isa = PBXBuildFile; fileRef = 050A5F212535254500BF3D18 /* PersistenceManager.swift */; };
		050A5F27253530DA00BF3D18 /* WarningView.swift in Sources */ = {isa = PBXBuildFile; fileRef = 050A5F26253530DA00BF3D18 /* WarningView.swift */; };
		0587D437253226B100ECA89E /* String+Extensions.swift in Sources */ = {isa = PBXBuildFile; fileRef = 0587D436253226B100ECA89E /* String+Extensions.swift */; };
		0587D43C2532565B00ECA89E /* ContentModel.swift in Sources */ = {isa = PBXBuildFile; fileRef = 0587D43B2532565B00ECA89E /* ContentModel.swift */; };
		0595F2BC252EA2F3000ED0A4 /* iSpaceVideoApp.swift in Sources */ = {isa = PBXBuildFile; fileRef = 0595F2BB252EA2F3000ED0A4 /* iSpaceVideoApp.swift */; };
		0595F2BE252EA2F3000ED0A4 /* ContentView.swift in Sources */ = {isa = PBXBuildFile; fileRef = 0595F2BD252EA2F3000ED0A4 /* ContentView.swift */; };
		0595F2C0252EA2F6000ED0A4 /* Assets.xcassets in Resources */ = {isa = PBXBuildFile; fileRef = 0595F2BF252EA2F6000ED0A4 /* Assets.xcassets */; };
		0595F2C3252EA2F6000ED0A4 /* Preview Assets.xcassets in Resources */ = {isa = PBXBuildFile; fileRef = 0595F2C2252EA2F6000ED0A4 /* Preview Assets.xcassets */; };
		0595F2D3252EA2F6000ED0A4 /* iSpaceVideoTests.swift in Sources */ = {isa = PBXBuildFile; fileRef = 0595F2D2252EA2F6000ED0A4 /* iSpaceVideoTests.swift */; };
		0595F2DE252EA2F7000ED0A4 /* iSpaceVideoUITests.swift in Sources */ = {isa = PBXBuildFile; fileRef = 0595F2DD252EA2F7000ED0A4 /* iSpaceVideoUITests.swift */; };
		0595F2FA252EA5B8000ED0A4 /* VideoItemView.swift in Sources */ = {isa = PBXBuildFile; fileRef = 0595F2F6252EA5B8000ED0A4 /* VideoItemView.swift */; };
		0595F2FB252EA5B8000ED0A4 /* View+Extensions.swift in Sources */ = {isa = PBXBuildFile; fileRef = 0595F2F7252EA5B8000ED0A4 /* View+Extensions.swift */; };
		0595F2FC252EA5B8000ED0A4 /* SavedVideoList.swift in Sources */ = {isa = PBXBuildFile; fileRef = 0595F2F8252EA5B8000ED0A4 /* SavedVideoList.swift */; };
		0595F30C252EAE02000ED0A4 /* MoviesModel.swift in Sources */ = {isa = PBXBuildFile; fileRef = 0595F30B252EAE02000ED0A4 /* MoviesModel.swift */; };
		05A62926252EBEB70013715B /* SearchBar.swift in Sources */ = {isa = PBXBuildFile; fileRef = 05A62925252EBEB70013715B /* SearchBar.swift */; };
		05A6292F252F52050013715B /* ErrorMessage.swift in Sources */ = {isa = PBXBuildFile; fileRef = 05A6292E252F52050013715B /* ErrorMessage.swift */; };
		05A62938252FC5800013715B /* NetworkManager.swift in Sources */ = {isa = PBXBuildFile; fileRef = 05A62937252FC5800013715B /* NetworkManager.swift */; };
		37AED1115FBF844FC523E05E /* Pods_iSpaceVideoTests.framework in Frameworks */ = {isa = PBXBuildFile; fileRef = F3ABEB80656433BC359903D8 /* Pods_iSpaceVideoTests.framework */; };
		AB459FEEB55519C6E47490F5 /* Pods_iSpaceVideo_iSpaceVideoUITests.framework in Frameworks */ = {isa = PBXBuildFile; fileRef = BDEAA384911A749364DE97E7 /* Pods_iSpaceVideo_iSpaceVideoUITests.framework */; };
		FC44A363EA7C9090519C0931 /* Pods_iSpaceVideo.framework in Frameworks */ = {isa = PBXBuildFile; fileRef = 5D5909AA70B1DBCAF956459A /* Pods_iSpaceVideo.framework */; };
/* End PBXBuildFile section */

/* Begin PBXContainerItemProxy section */
		0595F2CF252EA2F6000ED0A4 /* PBXContainerItemProxy */ = {
			isa = PBXContainerItemProxy;
			containerPortal = 0595F2B0252EA2F3000ED0A4 /* Project object */;
			proxyType = 1;
			remoteGlobalIDString = 0595F2B7252EA2F3000ED0A4;
			remoteInfo = iSpaceVideo;
		};
		0595F2DA252EA2F7000ED0A4 /* PBXContainerItemProxy */ = {
			isa = PBXContainerItemProxy;
			containerPortal = 0595F2B0252EA2F3000ED0A4 /* Project object */;
			proxyType = 1;
			remoteGlobalIDString = 0595F2B7252EA2F3000ED0A4;
			remoteInfo = iSpaceVideo;
		};
/* End PBXContainerItemProxy section */

/* Begin PBXFileReference section */
		050A5F212535254500BF3D18 /* PersistenceManager.swift */ = {isa = PBXFileReference; lastKnownFileType = sourcecode.swift; path = PersistenceManager.swift; sourceTree = "<group>"; };
		050A5F26253530DA00BF3D18 /* WarningView.swift */ = {isa = PBXFileReference; lastKnownFileType = sourcecode.swift; path = WarningView.swift; sourceTree = "<group>"; };
		0587D436253226B100ECA89E /* String+Extensions.swift */ = {isa = PBXFileReference; lastKnownFileType = sourcecode.swift; path = "String+Extensions.swift"; sourceTree = "<group>"; };
		0587D43B2532565B00ECA89E /* ContentModel.swift */ = {isa = PBXFileReference; lastKnownFileType = sourcecode.swift; path = ContentModel.swift; sourceTree = "<group>"; };
		0595F2B8252EA2F3000ED0A4 /* iSpaceVideo.app */ = {isa = PBXFileReference; explicitFileType = wrapper.application; includeInIndex = 0; path = iSpaceVideo.app; sourceTree = BUILT_PRODUCTS_DIR; };
		0595F2BB252EA2F3000ED0A4 /* iSpaceVideoApp.swift */ = {isa = PBXFileReference; lastKnownFileType = sourcecode.swift; path = iSpaceVideoApp.swift; sourceTree = "<group>"; };
		0595F2BD252EA2F3000ED0A4 /* ContentView.swift */ = {isa = PBXFileReference; lastKnownFileType = sourcecode.swift; path = ContentView.swift; sourceTree = "<group>"; };
		0595F2BF252EA2F6000ED0A4 /* Assets.xcassets */ = {isa = PBXFileReference; lastKnownFileType = folder.assetcatalog; path = Assets.xcassets; sourceTree = "<group>"; };
		0595F2C2252EA2F6000ED0A4 /* Preview Assets.xcassets */ = {isa = PBXFileReference; lastKnownFileType = folder.assetcatalog; path = "Preview Assets.xcassets"; sourceTree = "<group>"; };
		0595F2C9252EA2F6000ED0A4 /* Info.plist */ = {isa = PBXFileReference; lastKnownFileType = text.plist.xml; path = Info.plist; sourceTree = "<group>"; };
		0595F2CE252EA2F6000ED0A4 /* iSpaceVideoTests.xctest */ = {isa = PBXFileReference; explicitFileType = wrapper.cfbundle; includeInIndex = 0; path = iSpaceVideoTests.xctest; sourceTree = BUILT_PRODUCTS_DIR; };
		0595F2D2252EA2F6000ED0A4 /* iSpaceVideoTests.swift */ = {isa = PBXFileReference; lastKnownFileType = sourcecode.swift; path = iSpaceVideoTests.swift; sourceTree = "<group>"; };
		0595F2D4252EA2F6000ED0A4 /* Info.plist */ = {isa = PBXFileReference; lastKnownFileType = text.plist.xml; path = Info.plist; sourceTree = "<group>"; };
		0595F2D9252EA2F7000ED0A4 /* iSpaceVideoUITests.xctest */ = {isa = PBXFileReference; explicitFileType = wrapper.cfbundle; includeInIndex = 0; path = iSpaceVideoUITests.xctest; sourceTree = BUILT_PRODUCTS_DIR; };
		0595F2DD252EA2F7000ED0A4 /* iSpaceVideoUITests.swift */ = {isa = PBXFileReference; lastKnownFileType = sourcecode.swift; path = iSpaceVideoUITests.swift; sourceTree = "<group>"; };
		0595F2DF252EA2F7000ED0A4 /* Info.plist */ = {isa = PBXFileReference; lastKnownFileType = text.plist.xml; path = Info.plist; sourceTree = "<group>"; };
		0595F2F6252EA5B8000ED0A4 /* VideoItemView.swift */ = {isa = PBXFileReference; fileEncoding = 4; lastKnownFileType = sourcecode.swift; path = VideoItemView.swift; sourceTree = "<group>"; };
		0595F2F7252EA5B8000ED0A4 /* View+Extensions.swift */ = {isa = PBXFileReference; fileEncoding = 4; lastKnownFileType = sourcecode.swift; path = "View+Extensions.swift"; sourceTree = "<group>"; };
		0595F2F8252EA5B8000ED0A4 /* SavedVideoList.swift */ = {isa = PBXFileReference; fileEncoding = 4; lastKnownFileType = sourcecode.swift; path = SavedVideoList.swift; sourceTree = "<group>"; };
		0595F30B252EAE02000ED0A4 /* MoviesModel.swift */ = {isa = PBXFileReference; lastKnownFileType = sourcecode.swift; path = MoviesModel.swift; sourceTree = "<group>"; };
		05A62925252EBEB70013715B /* SearchBar.swift */ = {isa = PBXFileReference; lastKnownFileType = sourcecode.swift; path = SearchBar.swift; sourceTree = "<group>"; };
		05A6292E252F52050013715B /* ErrorMessage.swift */ = {isa = PBXFileReference; lastKnownFileType = sourcecode.swift; path = ErrorMessage.swift; sourceTree = "<group>"; };
		05A62937252FC5800013715B /* NetworkManager.swift */ = {isa = PBXFileReference; lastKnownFileType = sourcecode.swift; path = NetworkManager.swift; sourceTree = "<group>"; };
		2982FE338ECA52E486F3DF62 /* Pods-iSpaceVideoTests.debug.xcconfig */ = {isa = PBXFileReference; includeInIndex = 1; lastKnownFileType = text.xcconfig; name = "Pods-iSpaceVideoTests.debug.xcconfig"; path = "Target Support Files/Pods-iSpaceVideoTests/Pods-iSpaceVideoTests.debug.xcconfig"; sourceTree = "<group>"; };
		5406AE3280DC4C3D6D3443C3 /* Pods-iSpaceVideo-iSpaceVideoUITests.release.xcconfig */ = {isa = PBXFileReference; includeInIndex = 1; lastKnownFileType = text.xcconfig; name = "Pods-iSpaceVideo-iSpaceVideoUITests.release.xcconfig"; path = "Target Support Files/Pods-iSpaceVideo-iSpaceVideoUITests/Pods-iSpaceVideo-iSpaceVideoUITests.release.xcconfig"; sourceTree = "<group>"; };
		5D5909AA70B1DBCAF956459A /* Pods_iSpaceVideo.framework */ = {isa = PBXFileReference; explicitFileType = wrapper.framework; includeInIndex = 0; path = Pods_iSpaceVideo.framework; sourceTree = BUILT_PRODUCTS_DIR; };
		82AB015C351828A0F47A65D1 /* Pods-iSpaceVideo.release.xcconfig */ = {isa = PBXFileReference; includeInIndex = 1; lastKnownFileType = text.xcconfig; name = "Pods-iSpaceVideo.release.xcconfig"; path = "Target Support Files/Pods-iSpaceVideo/Pods-iSpaceVideo.release.xcconfig"; sourceTree = "<group>"; };
		9445F2CEF1E52EBDBDEE34FB /* Pods-iSpaceVideoTests.release.xcconfig */ = {isa = PBXFileReference; includeInIndex = 1; lastKnownFileType = text.xcconfig; name = "Pods-iSpaceVideoTests.release.xcconfig"; path = "Target Support Files/Pods-iSpaceVideoTests/Pods-iSpaceVideoTests.release.xcconfig"; sourceTree = "<group>"; };
		983131B733FEF85B930425EB /* Pods-iSpaceVideo.debug.xcconfig */ = {isa = PBXFileReference; includeInIndex = 1; lastKnownFileType = text.xcconfig; name = "Pods-iSpaceVideo.debug.xcconfig"; path = "Target Support Files/Pods-iSpaceVideo/Pods-iSpaceVideo.debug.xcconfig"; sourceTree = "<group>"; };
		BDEAA384911A749364DE97E7 /* Pods_iSpaceVideo_iSpaceVideoUITests.framework */ = {isa = PBXFileReference; explicitFileType = wrapper.framework; includeInIndex = 0; path = Pods_iSpaceVideo_iSpaceVideoUITests.framework; sourceTree = BUILT_PRODUCTS_DIR; };
		C23348A9E671566D7D76B2F1 /* Pods-iSpaceVideo-iSpaceVideoUITests.debug.xcconfig */ = {isa = PBXFileReference; includeInIndex = 1; lastKnownFileType = text.xcconfig; name = "Pods-iSpaceVideo-iSpaceVideoUITests.debug.xcconfig"; path = "Target Support Files/Pods-iSpaceVideo-iSpaceVideoUITests/Pods-iSpaceVideo-iSpaceVideoUITests.debug.xcconfig"; sourceTree = "<group>"; };
		F3ABEB80656433BC359903D8 /* Pods_iSpaceVideoTests.framework */ = {isa = PBXFileReference; explicitFileType = wrapper.framework; includeInIndex = 0; path = Pods_iSpaceVideoTests.framework; sourceTree = BUILT_PRODUCTS_DIR; };
/* End PBXFileReference section */

/* Begin PBXFrameworksBuildPhase section */
		0595F2B5252EA2F3000ED0A4 /* Frameworks */ = {
			isa = PBXFrameworksBuildPhase;
			buildActionMask = 2147483647;
			files = (
				FC44A363EA7C9090519C0931 /* Pods_iSpaceVideo.framework in Frameworks */,
			);
			runOnlyForDeploymentPostprocessing = 0;
		};
		0595F2CB252EA2F6000ED0A4 /* Frameworks */ = {
			isa = PBXFrameworksBuildPhase;
			buildActionMask = 2147483647;
			files = (
				37AED1115FBF844FC523E05E /* Pods_iSpaceVideoTests.framework in Frameworks */,
			);
			runOnlyForDeploymentPostprocessing = 0;
		};
		0595F2D6252EA2F7000ED0A4 /* Frameworks */ = {
			isa = PBXFrameworksBuildPhase;
			buildActionMask = 2147483647;
			files = (
				AB459FEEB55519C6E47490F5 /* Pods_iSpaceVideo_iSpaceVideoUITests.framework in Frameworks */,
			);
			runOnlyForDeploymentPostprocessing = 0;
		};
/* End PBXFrameworksBuildPhase section */

/* Begin PBXGroup section */
		0587D441253283EB00ECA89E /* ViewModel */ = {
			isa = PBXGroup;
			children = (
				0587D43B2532565B00ECA89E /* ContentModel.swift */,
			);
			path = ViewModel;
			sourceTree = "<group>";
		};
		0595F2AF252EA2F3000ED0A4 = {
			isa = PBXGroup;
			children = (
				0595F2BA252EA2F3000ED0A4 /* iSpaceVideo */,
				0595F2D1252EA2F6000ED0A4 /* iSpaceVideoTests */,
				0595F2DC252EA2F7000ED0A4 /* iSpaceVideoUITests */,
				0595F2B9252EA2F3000ED0A4 /* Products */,
				F85794275671190447DF67AC /* Pods */,
				51A287784DF8F3ECBBF7B6D3 /* Frameworks */,
			);
			sourceTree = "<group>";
		};
		0595F2B9252EA2F3000ED0A4 /* Products */ = {
			isa = PBXGroup;
			children = (
				0595F2B8252EA2F3000ED0A4 /* iSpaceVideo.app */,
				0595F2CE252EA2F6000ED0A4 /* iSpaceVideoTests.xctest */,
				0595F2D9252EA2F7000ED0A4 /* iSpaceVideoUITests.xctest */,
			);
			name = Products;
			sourceTree = "<group>";
		};
		0595F2BA252EA2F3000ED0A4 /* iSpaceVideo */ = {
			isa = PBXGroup;
			children = (
				0587D441253283EB00ECA89E /* ViewModel */,
				05A62936252FC5600013715B /* Managers */,
				05A6292D252F51DF0013715B /* Utilities */,
				0595F30A252EADD7000ED0A4 /* Model */,
				0595F305252EAD74000ED0A4 /* Extensions */,
				0595F306252EAD8E000ED0A4 /* Common */,
				0595F2BF252EA2F6000ED0A4 /* Assets.xcassets */,
				0595F304252EAD48000ED0A4 /* Views */,
				0595F2C9252EA2F6000ED0A4 /* Info.plist */,
				0595F2C1252EA2F6000ED0A4 /* Preview Content */,
				050A5F212535254500BF3D18 /* PersistenceManager.swift */,
			);
			path = iSpaceVideo;
			sourceTree = "<group>";
		};
		0595F2C1252EA2F6000ED0A4 /* Preview Content */ = {
			isa = PBXGroup;
			children = (
				0595F2C2252EA2F6000ED0A4 /* Preview Assets.xcassets */,
			);
			path = "Preview Content";
			sourceTree = "<group>";
		};
		0595F2D1252EA2F6000ED0A4 /* iSpaceVideoTests */ = {
			isa = PBXGroup;
			children = (
				0595F2D2252EA2F6000ED0A4 /* iSpaceVideoTests.swift */,
				0595F2D4252EA2F6000ED0A4 /* Info.plist */,
			);
			path = iSpaceVideoTests;
			sourceTree = "<group>";
		};
		0595F2DC252EA2F7000ED0A4 /* iSpaceVideoUITests */ = {
			isa = PBXGroup;
			children = (
				0595F2DD252EA2F7000ED0A4 /* iSpaceVideoUITests.swift */,
				0595F2DF252EA2F7000ED0A4 /* Info.plist */,
			);
			path = iSpaceVideoUITests;
			sourceTree = "<group>";
		};
		0595F304252EAD48000ED0A4 /* Views */ = {
			isa = PBXGroup;
			children = (
				0595F2F8252EA5B8000ED0A4 /* SavedVideoList.swift */,
				0595F2F6252EA5B8000ED0A4 /* VideoItemView.swift */,
				0595F2BD252EA2F3000ED0A4 /* ContentView.swift */,
				05A62925252EBEB70013715B /* SearchBar.swift */,
				050A5F26253530DA00BF3D18 /* WarningView.swift */,
			);
			path = Views;
			sourceTree = "<group>";
		};
		0595F305252EAD74000ED0A4 /* Extensions */ = {
			isa = PBXGroup;
			children = (
				0595F2F7252EA5B8000ED0A4 /* View+Extensions.swift */,
				0587D436253226B100ECA89E /* String+Extensions.swift */,
			);
			path = Extensions;
			sourceTree = "<group>";
		};
		0595F306252EAD8E000ED0A4 /* Common */ = {
			isa = PBXGroup;
			children = (
				0595F2BB252EA2F3000ED0A4 /* iSpaceVideoApp.swift */,
			);
			path = Common;
			sourceTree = "<group>";
		};
		0595F30A252EADD7000ED0A4 /* Model */ = {
			isa = PBXGroup;
			children = (
				0595F30B252EAE02000ED0A4 /* MoviesModel.swift */,
			);
			path = Model;
			sourceTree = "<group>";
		};
		05A6292D252F51DF0013715B /* Utilities */ = {
			isa = PBXGroup;
			children = (
				05A6292E252F52050013715B /* ErrorMessage.swift */,
			);
			path = Utilities;
			sourceTree = "<group>";
		};
		05A62936252FC5600013715B /* Managers */ = {
			isa = PBXGroup;
			children = (
				05A62937252FC5800013715B /* NetworkManager.swift */,
			);
			path = Managers;
			sourceTree = "<group>";
		};
		51A287784DF8F3ECBBF7B6D3 /* Frameworks */ = {
			isa = PBXGroup;
			children = (
				5D5909AA70B1DBCAF956459A /* Pods_iSpaceVideo.framework */,
				BDEAA384911A749364DE97E7 /* Pods_iSpaceVideo_iSpaceVideoUITests.framework */,
				F3ABEB80656433BC359903D8 /* Pods_iSpaceVideoTests.framework */,
			);
			name = Frameworks;
			sourceTree = "<group>";
		};
		F85794275671190447DF67AC /* Pods */ = {
			isa = PBXGroup;
			children = (
				983131B733FEF85B930425EB /* Pods-iSpaceVideo.debug.xcconfig */,
				82AB015C351828A0F47A65D1 /* Pods-iSpaceVideo.release.xcconfig */,
				C23348A9E671566D7D76B2F1 /* Pods-iSpaceVideo-iSpaceVideoUITests.debug.xcconfig */,
				5406AE3280DC4C3D6D3443C3 /* Pods-iSpaceVideo-iSpaceVideoUITests.release.xcconfig */,
				2982FE338ECA52E486F3DF62 /* Pods-iSpaceVideoTests.debug.xcconfig */,
				9445F2CEF1E52EBDBDEE34FB /* Pods-iSpaceVideoTests.release.xcconfig */,
			);
			path = Pods;
			sourceTree = "<group>";
		};
/* End PBXGroup section */

/* Begin PBXNativeTarget section */
		0595F2B7252EA2F3000ED0A4 /* iSpaceVideo */ = {
			isa = PBXNativeTarget;
			buildConfigurationList = 0595F2E2252EA2F7000ED0A4 /* Build configuration list for PBXNativeTarget "iSpaceVideo" */;
			buildPhases = (
				8E21755ED185364FBCD18288 /* [CP] Check Pods Manifest.lock */,
				0595F2B4252EA2F3000ED0A4 /* Sources */,
				0595F2B5252EA2F3000ED0A4 /* Frameworks */,
				0595F2B6252EA2F3000ED0A4 /* Resources */,
				88F65C2C3BAED6B2C5270871 /* [CP] Embed Pods Frameworks */,
			);
			buildRules = (
			);
			dependencies = (
			);
			name = iSpaceVideo;
			productName = iSpaceVideo;
			productReference = 0595F2B8252EA2F3000ED0A4 /* iSpaceVideo.app */;
			productType = "com.apple.product-type.application";
		};
		0595F2CD252EA2F6000ED0A4 /* iSpaceVideoTests */ = {
			isa = PBXNativeTarget;
			buildConfigurationList = 0595F2E5252EA2F7000ED0A4 /* Build configuration list for PBXNativeTarget "iSpaceVideoTests" */;
			buildPhases = (
				A4CF4EF8562E98DAE0948D62 /* [CP] Check Pods Manifest.lock */,
				0595F2CA252EA2F6000ED0A4 /* Sources */,
				0595F2CB252EA2F6000ED0A4 /* Frameworks */,
				0595F2CC252EA2F6000ED0A4 /* Resources */,
			);
			buildRules = (
			);
			dependencies = (
				0595F2D0252EA2F6000ED0A4 /* PBXTargetDependency */,
			);
			name = iSpaceVideoTests;
			productName = iSpaceVideoTests;
			productReference = 0595F2CE252EA2F6000ED0A4 /* iSpaceVideoTests.xctest */;
			productType = "com.apple.product-type.bundle.unit-test";
		};
		0595F2D8252EA2F7000ED0A4 /* iSpaceVideoUITests */ = {
			isa = PBXNativeTarget;
			buildConfigurationList = 0595F2E8252EA2F7000ED0A4 /* Build configuration list for PBXNativeTarget "iSpaceVideoUITests" */;
			buildPhases = (
				877551002BD08EEF47C6AA30 /* [CP] Check Pods Manifest.lock */,
				0595F2D5252EA2F7000ED0A4 /* Sources */,
				0595F2D6252EA2F7000ED0A4 /* Frameworks */,
				0595F2D7252EA2F7000ED0A4 /* Resources */,
				63FE041D3DE0D9764B995C37 /* [CP] Embed Pods Frameworks */,
			);
			buildRules = (
			);
			dependencies = (
				0595F2DB252EA2F7000ED0A4 /* PBXTargetDependency */,
			);
			name = iSpaceVideoUITests;
			productName = iSpaceVideoUITests;
			productReference = 0595F2D9252EA2F7000ED0A4 /* iSpaceVideoUITests.xctest */;
			productType = "com.apple.product-type.bundle.ui-testing";
		};
/* End PBXNativeTarget section */

/* Begin PBXProject section */
		0595F2B0252EA2F3000ED0A4 /* Project object */ = {
			isa = PBXProject;
			attributes = {
				LastSwiftUpdateCheck = 1200;
				LastUpgradeCheck = 1200;
				TargetAttributes = {
					0595F2B7252EA2F3000ED0A4 = {
						CreatedOnToolsVersion = 12.0.1;
					};
					0595F2CD252EA2F6000ED0A4 = {
						CreatedOnToolsVersion = 12.0.1;
						TestTargetID = 0595F2B7252EA2F3000ED0A4;
					};
					0595F2D8252EA2F7000ED0A4 = {
						CreatedOnToolsVersion = 12.0.1;
						TestTargetID = 0595F2B7252EA2F3000ED0A4;
					};
				};
			};
			buildConfigurationList = 0595F2B3252EA2F3000ED0A4 /* Build configuration list for PBXProject "iSpaceVideo" */;
			compatibilityVersion = "Xcode 9.3";
			developmentRegion = en;
			hasScannedForEncodings = 0;
			knownRegions = (
				en,
				Base,
			);
			mainGroup = 0595F2AF252EA2F3000ED0A4;
			productRefGroup = 0595F2B9252EA2F3000ED0A4 /* Products */;
			projectDirPath = "";
			projectRoot = "";
			targets = (
				0595F2B7252EA2F3000ED0A4 /* iSpaceVideo */,
				0595F2CD252EA2F6000ED0A4 /* iSpaceVideoTests */,
				0595F2D8252EA2F7000ED0A4 /* iSpaceVideoUITests */,
			);
		};
/* End PBXProject section */

/* Begin PBXResourcesBuildPhase section */
		0595F2B6252EA2F3000ED0A4 /* Resources */ = {
			isa = PBXResourcesBuildPhase;
			buildActionMask = 2147483647;
			files = (
				0595F2C3252EA2F6000ED0A4 /* Preview Assets.xcassets in Resources */,
				0595F2C0252EA2F6000ED0A4 /* Assets.xcassets in Resources */,
			);
			runOnlyForDeploymentPostprocessing = 0;
		};
		0595F2CC252EA2F6000ED0A4 /* Resources */ = {
			isa = PBXResourcesBuildPhase;
			buildActionMask = 2147483647;
			files = (
			);
			runOnlyForDeploymentPostprocessing = 0;
		};
		0595F2D7252EA2F7000ED0A4 /* Resources */ = {
			isa = PBXResourcesBuildPhase;
			buildActionMask = 2147483647;
			files = (
			);
			runOnlyForDeploymentPostprocessing = 0;
		};
/* End PBXResourcesBuildPhase section */

/* Begin PBXShellScriptBuildPhase section */
		63FE041D3DE0D9764B995C37 /* [CP] Embed Pods Frameworks */ = {
			isa = PBXShellScriptBuildPhase;
			buildActionMask = 2147483647;
			files = (
			);
			inputFileListPaths = (
				"${PODS_ROOT}/Target Support Files/Pods-iSpaceVideo-iSpaceVideoUITests/Pods-iSpaceVideo-iSpaceVideoUITests-frameworks-${CONFIGURATION}-input-files.xcfilelist",
			);
			name = "[CP] Embed Pods Frameworks";
			outputFileListPaths = (
				"${PODS_ROOT}/Target Support Files/Pods-iSpaceVideo-iSpaceVideoUITests/Pods-iSpaceVideo-iSpaceVideoUITests-frameworks-${CONFIGURATION}-output-files.xcfilelist",
			);
			runOnlyForDeploymentPostprocessing = 0;
			shellPath = /bin/sh;
			shellScript = "\"${PODS_ROOT}/Target Support Files/Pods-iSpaceVideo-iSpaceVideoUITests/Pods-iSpaceVideo-iSpaceVideoUITests-frameworks.sh\"\n";
			showEnvVarsInLog = 0;
		};
		877551002BD08EEF47C6AA30 /* [CP] Check Pods Manifest.lock */ = {
			isa = PBXShellScriptBuildPhase;
			buildActionMask = 2147483647;
			files = (
			);
			inputFileListPaths = (
			);
			inputPaths = (
				"${PODS_PODFILE_DIR_PATH}/Podfile.lock",
				"${PODS_ROOT}/Manifest.lock",
			);
			name = "[CP] Check Pods Manifest.lock";
			outputFileListPaths = (
			);
			outputPaths = (
				"$(DERIVED_FILE_DIR)/Pods-iSpaceVideo-iSpaceVideoUITests-checkManifestLockResult.txt",
			);
			runOnlyForDeploymentPostprocessing = 0;
			shellPath = /bin/sh;
			shellScript = "diff \"${PODS_PODFILE_DIR_PATH}/Podfile.lock\" \"${PODS_ROOT}/Manifest.lock\" > /dev/null\nif [ $? != 0 ] ; then\n    # print error to STDERR\n    echo \"error: The sandbox is not in sync with the Podfile.lock. Run 'pod install' or update your CocoaPods installation.\" >&2\n    exit 1\nfi\n# This output is used by Xcode 'outputs' to avoid re-running this script phase.\necho \"SUCCESS\" > \"${SCRIPT_OUTPUT_FILE_0}\"\n";
			showEnvVarsInLog = 0;
		};
		88F65C2C3BAED6B2C5270871 /* [CP] Embed Pods Frameworks */ = {
			isa = PBXShellScriptBuildPhase;
			buildActionMask = 2147483647;
			files = (
			);
			inputFileListPaths = (
				"${PODS_ROOT}/Target Support Files/Pods-iSpaceVideo/Pods-iSpaceVideo-frameworks-${CONFIGURATION}-input-files.xcfilelist",
			);
			name = "[CP] Embed Pods Frameworks";
			outputFileListPaths = (
				"${PODS_ROOT}/Target Support Files/Pods-iSpaceVideo/Pods-iSpaceVideo-frameworks-${CONFIGURATION}-output-files.xcfilelist",
			);
			runOnlyForDeploymentPostprocessing = 0;
			shellPath = /bin/sh;
			shellScript = "\"${PODS_ROOT}/Target Support Files/Pods-iSpaceVideo/Pods-iSpaceVideo-frameworks.sh\"\n";
			showEnvVarsInLog = 0;
		};
		8E21755ED185364FBCD18288 /* [CP] Check Pods Manifest.lock */ = {
			isa = PBXShellScriptBuildPhase;
			buildActionMask = 2147483647;
			files = (
			);
			inputFileListPaths = (
			);
			inputPaths = (
				"${PODS_PODFILE_DIR_PATH}/Podfile.lock",
				"${PODS_ROOT}/Manifest.lock",
			);
			name = "[CP] Check Pods Manifest.lock";
			outputFileListPaths = (
			);
			outputPaths = (
				"$(DERIVED_FILE_DIR)/Pods-iSpaceVideo-checkManifestLockResult.txt",
			);
			runOnlyForDeploymentPostprocessing = 0;
			shellPath = /bin/sh;
			shellScript = "diff \"${PODS_PODFILE_DIR_PATH}/Podfile.lock\" \"${PODS_ROOT}/Manifest.lock\" > /dev/null\nif [ $? != 0 ] ; then\n    # print error to STDERR\n    echo \"error: The sandbox is not in sync with the Podfile.lock. Run 'pod install' or update your CocoaPods installation.\" >&2\n    exit 1\nfi\n# This output is used by Xcode 'outputs' to avoid re-running this script phase.\necho \"SUCCESS\" > \"${SCRIPT_OUTPUT_FILE_0}\"\n";
			showEnvVarsInLog = 0;
		};
		A4CF4EF8562E98DAE0948D62 /* [CP] Check Pods Manifest.lock */ = {
			isa = PBXShellScriptBuildPhase;
			buildActionMask = 2147483647;
			files = (
			);
			inputFileListPaths = (
			);
			inputPaths = (
				"${PODS_PODFILE_DIR_PATH}/Podfile.lock",
				"${PODS_ROOT}/Manifest.lock",
			);
			name = "[CP] Check Pods Manifest.lock";
			outputFileListPaths = (
			);
			outputPaths = (
				"$(DERIVED_FILE_DIR)/Pods-iSpaceVideoTests-checkManifestLockResult.txt",
			);
			runOnlyForDeploymentPostprocessing = 0;
			shellPath = /bin/sh;
			shellScript = "diff \"${PODS_PODFILE_DIR_PATH}/Podfile.lock\" \"${PODS_ROOT}/Manifest.lock\" > /dev/null\nif [ $? != 0 ] ; then\n    # print error to STDERR\n    echo \"error: The sandbox is not in sync with the Podfile.lock. Run 'pod install' or update your CocoaPods installation.\" >&2\n    exit 1\nfi\n# This output is used by Xcode 'outputs' to avoid re-running this script phase.\necho \"SUCCESS\" > \"${SCRIPT_OUTPUT_FILE_0}\"\n";
			showEnvVarsInLog = 0;
		};
/* End PBXShellScriptBuildPhase section */

/* Begin PBXSourcesBuildPhase section */
		0595F2B4252EA2F3000ED0A4 /* Sources */ = {
			isa = PBXSourcesBuildPhase;
			buildActionMask = 2147483647;
			files = (
				0595F30C252EAE02000ED0A4 /* MoviesModel.swift in Sources */,
				0587D437253226B100ECA89E /* String+Extensions.swift in Sources */,
				05A6292F252F52050013715B /* ErrorMessage.swift in Sources */,
				050A5F222535254500BF3D18 /* PersistenceManager.swift in Sources */,
				0595F2FC252EA5B8000ED0A4 /* SavedVideoList.swift in Sources */,
				05A62938252FC5800013715B /* NetworkManager.swift in Sources */,
				0587D43C2532565B00ECA89E /* ContentModel.swift in Sources */,
				050A5F27253530DA00BF3D18 /* WarningView.swift in Sources */,
				0595F2FA252EA5B8000ED0A4 /* VideoItemView.swift in Sources */,
				05A62926252EBEB70013715B /* SearchBar.swift in Sources */,
				0595F2BE252EA2F3000ED0A4 /* ContentView.swift in Sources */,
				0595F2FB252EA5B8000ED0A4 /* View+Extensions.swift in Sources */,
				0595F2BC252EA2F3000ED0A4 /* iSpaceVideoApp.swift in Sources */,
			);
			runOnlyForDeploymentPostprocessing = 0;
		};
		0595F2CA252EA2F6000ED0A4 /* Sources */ = {
			isa = PBXSourcesBuildPhase;
			buildActionMask = 2147483647;
			files = (
				0595F2D3252EA2F6000ED0A4 /* iSpaceVideoTests.swift in Sources */,
			);
			runOnlyForDeploymentPostprocessing = 0;
		};
		0595F2D5252EA2F7000ED0A4 /* Sources */ = {
			isa = PBXSourcesBuildPhase;
			buildActionMask = 2147483647;
			files = (
				0595F2DE252EA2F7000ED0A4 /* iSpaceVideoUITests.swift in Sources */,
			);
			runOnlyForDeploymentPostprocessing = 0;
		};
/* End PBXSourcesBuildPhase section */

/* Begin PBXTargetDependency section */
		0595F2D0252EA2F6000ED0A4 /* PBXTargetDependency */ = {
			isa = PBXTargetDependency;
			target = 0595F2B7252EA2F3000ED0A4 /* iSpaceVideo */;
			targetProxy = 0595F2CF252EA2F6000ED0A4 /* PBXContainerItemProxy */;
		};
		0595F2DB252EA2F7000ED0A4 /* PBXTargetDependency */ = {
			isa = PBXTargetDependency;
			target = 0595F2B7252EA2F3000ED0A4 /* iSpaceVideo */;
			targetProxy = 0595F2DA252EA2F7000ED0A4 /* PBXContainerItemProxy */;
		};
/* End PBXTargetDependency section */

/* Begin XCBuildConfiguration section */
		0595F2E0252EA2F7000ED0A4 /* Debug */ = {
			isa = XCBuildConfiguration;
			buildSettings = {
				ALWAYS_SEARCH_USER_PATHS = NO;
				CLANG_ANALYZER_NONNULL = YES;
				CLANG_ANALYZER_NUMBER_OBJECT_CONVERSION = YES_AGGRESSIVE;
				CLANG_CXX_LANGUAGE_STANDARD = "gnu++14";
				CLANG_CXX_LIBRARY = "libc++";
				CLANG_ENABLE_MODULES = YES;
				CLANG_ENABLE_OBJC_ARC = YES;
				CLANG_ENABLE_OBJC_WEAK = YES;
				CLANG_WARN_BLOCK_CAPTURE_AUTORELEASING = YES;
				CLANG_WARN_BOOL_CONVERSION = YES;
				CLANG_WARN_COMMA = YES;
				CLANG_WARN_CONSTANT_CONVERSION = YES;
				CLANG_WARN_DEPRECATED_OBJC_IMPLEMENTATIONS = YES;
				CLANG_WARN_DIRECT_OBJC_ISA_USAGE = YES_ERROR;
				CLANG_WARN_DOCUMENTATION_COMMENTS = YES;
				CLANG_WARN_EMPTY_BODY = YES;
				CLANG_WARN_ENUM_CONVERSION = YES;
				CLANG_WARN_INFINITE_RECURSION = YES;
				CLANG_WARN_INT_CONVERSION = YES;
				CLANG_WARN_NON_LITERAL_NULL_CONVERSION = YES;
				CLANG_WARN_OBJC_IMPLICIT_RETAIN_SELF = YES;
				CLANG_WARN_OBJC_LITERAL_CONVERSION = YES;
				CLANG_WARN_OBJC_ROOT_CLASS = YES_ERROR;
				CLANG_WARN_QUOTED_INCLUDE_IN_FRAMEWORK_HEADER = YES;
				CLANG_WARN_RANGE_LOOP_ANALYSIS = YES;
				CLANG_WARN_STRICT_PROTOTYPES = YES;
				CLANG_WARN_SUSPICIOUS_MOVE = YES;
				CLANG_WARN_UNGUARDED_AVAILABILITY = YES_AGGRESSIVE;
				CLANG_WARN_UNREACHABLE_CODE = YES;
				CLANG_WARN__DUPLICATE_METHOD_MATCH = YES;
				COPY_PHASE_STRIP = NO;
				DEBUG_INFORMATION_FORMAT = dwarf;
				ENABLE_STRICT_OBJC_MSGSEND = YES;
				ENABLE_TESTABILITY = YES;
				GCC_C_LANGUAGE_STANDARD = gnu11;
				GCC_DYNAMIC_NO_PIC = NO;
				GCC_NO_COMMON_BLOCKS = YES;
				GCC_OPTIMIZATION_LEVEL = 0;
				GCC_PREPROCESSOR_DEFINITIONS = (
					"DEBUG=1",
					"$(inherited)",
				);
				GCC_WARN_64_TO_32_BIT_CONVERSION = YES;
				GCC_WARN_ABOUT_RETURN_TYPE = YES_ERROR;
				GCC_WARN_UNDECLARED_SELECTOR = YES;
				GCC_WARN_UNINITIALIZED_AUTOS = YES_AGGRESSIVE;
				GCC_WARN_UNUSED_FUNCTION = YES;
				GCC_WARN_UNUSED_VARIABLE = YES;
				IPHONEOS_DEPLOYMENT_TARGET = 14.0;
				MTL_ENABLE_DEBUG_INFO = INCLUDE_SOURCE;
				MTL_FAST_MATH = YES;
				ONLY_ACTIVE_ARCH = YES;
				SDKROOT = iphoneos;
				SWIFT_ACTIVE_COMPILATION_CONDITIONS = DEBUG;
				SWIFT_OPTIMIZATION_LEVEL = "-Onone";
			};
			name = Debug;
		};
		0595F2E1252EA2F7000ED0A4 /* Release */ = {
			isa = XCBuildConfiguration;
			buildSettings = {
				ALWAYS_SEARCH_USER_PATHS = NO;
				CLANG_ANALYZER_NONNULL = YES;
				CLANG_ANALYZER_NUMBER_OBJECT_CONVERSION = YES_AGGRESSIVE;
				CLANG_CXX_LANGUAGE_STANDARD = "gnu++14";
				CLANG_CXX_LIBRARY = "libc++";
				CLANG_ENABLE_MODULES = YES;
				CLANG_ENABLE_OBJC_ARC = YES;
				CLANG_ENABLE_OBJC_WEAK = YES;
				CLANG_WARN_BLOCK_CAPTURE_AUTORELEASING = YES;
				CLANG_WARN_BOOL_CONVERSION = YES;
				CLANG_WARN_COMMA = YES;
				CLANG_WARN_CONSTANT_CONVERSION = YES;
				CLANG_WARN_DEPRECATED_OBJC_IMPLEMENTATIONS = YES;
				CLANG_WARN_DIRECT_OBJC_ISA_USAGE = YES_ERROR;
				CLANG_WARN_DOCUMENTATION_COMMENTS = YES;
				CLANG_WARN_EMPTY_BODY = YES;
				CLANG_WARN_ENUM_CONVERSION = YES;
				CLANG_WARN_INFINITE_RECURSION = YES;
				CLANG_WARN_INT_CONVERSION = YES;
				CLANG_WARN_NON_LITERAL_NULL_CONVERSION = YES;
				CLANG_WARN_OBJC_IMPLICIT_RETAIN_SELF = YES;
				CLANG_WARN_OBJC_LITERAL_CONVERSION = YES;
				CLANG_WARN_OBJC_ROOT_CLASS = YES_ERROR;
				CLANG_WARN_QUOTED_INCLUDE_IN_FRAMEWORK_HEADER = YES;
				CLANG_WARN_RANGE_LOOP_ANALYSIS = YES;
				CLANG_WARN_STRICT_PROTOTYPES = YES;
				CLANG_WARN_SUSPICIOUS_MOVE = YES;
				CLANG_WARN_UNGUARDED_AVAILABILITY = YES_AGGRESSIVE;
				CLANG_WARN_UNREACHABLE_CODE = YES;
				CLANG_WARN__DUPLICATE_METHOD_MATCH = YES;
				COPY_PHASE_STRIP = NO;
				DEBUG_INFORMATION_FORMAT = "dwarf-with-dsym";
				ENABLE_NS_ASSERTIONS = NO;
				ENABLE_STRICT_OBJC_MSGSEND = YES;
				GCC_C_LANGUAGE_STANDARD = gnu11;
				GCC_NO_COMMON_BLOCKS = YES;
				GCC_WARN_64_TO_32_BIT_CONVERSION = YES;
				GCC_WARN_ABOUT_RETURN_TYPE = YES_ERROR;
				GCC_WARN_UNDECLARED_SELECTOR = YES;
				GCC_WARN_UNINITIALIZED_AUTOS = YES_AGGRESSIVE;
				GCC_WARN_UNUSED_FUNCTION = YES;
				GCC_WARN_UNUSED_VARIABLE = YES;
				IPHONEOS_DEPLOYMENT_TARGET = 14.0;
				MTL_ENABLE_DEBUG_INFO = NO;
				MTL_FAST_MATH = YES;
				SDKROOT = iphoneos;
				SWIFT_COMPILATION_MODE = wholemodule;
				SWIFT_OPTIMIZATION_LEVEL = "-O";
				VALIDATE_PRODUCT = YES;
			};
			name = Release;
		};
		0595F2E3252EA2F7000ED0A4 /* Debug */ = {
			isa = XCBuildConfiguration;
			baseConfigurationReference = 983131B733FEF85B930425EB /* Pods-iSpaceVideo.debug.xcconfig */;
			buildSettings = {
				ASSETCATALOG_COMPILER_APPICON_NAME = AppIcon;
				ASSETCATALOG_COMPILER_GLOBAL_ACCENT_COLOR_NAME = AccentColor;
				CODE_SIGN_STYLE = Automatic;
				DEVELOPMENT_ASSET_PATHS = "\"iSpaceVideo/Preview Content\"";
				DEVELOPMENT_TEAM = JGX8KL9J9F;
				ENABLE_PREVIEWS = YES;
				INFOPLIST_FILE = iSpaceVideo/Info.plist;
				IPHONEOS_DEPLOYMENT_TARGET = 14.0;
				LD_RUNPATH_SEARCH_PATHS = (
					"$(inherited)",
					"@executable_path/Frameworks",
				);
				PRODUCT_BUNDLE_IDENTIFIER = "com.eugene-berezin-huluHW.iSpaceVideo";
				PRODUCT_NAME = "$(TARGET_NAME)";
				SWIFT_VERSION = 5.0;
				TARGETED_DEVICE_FAMILY = "1,2";
			};
			name = Debug;
		};
		0595F2E4252EA2F7000ED0A4 /* Release */ = {
			isa = XCBuildConfiguration;
			baseConfigurationReference = 82AB015C351828A0F47A65D1 /* Pods-iSpaceVideo.release.xcconfig */;
			buildSettings = {
				ASSETCATALOG_COMPILER_APPICON_NAME = AppIcon;
				ASSETCATALOG_COMPILER_GLOBAL_ACCENT_COLOR_NAME = AccentColor;
				CODE_SIGN_STYLE = Automatic;
				DEVELOPMENT_ASSET_PATHS = "\"iSpaceVideo/Preview Content\"";
				DEVELOPMENT_TEAM = JGX8KL9J9F;
				ENABLE_PREVIEWS = YES;
				INFOPLIST_FILE = iSpaceVideo/Info.plist;
				IPHONEOS_DEPLOYMENT_TARGET = 14.0;
				LD_RUNPATH_SEARCH_PATHS = (
					"$(inherited)",
					"@executable_path/Frameworks",
				);
				PRODUCT_BUNDLE_IDENTIFIER = "com.eugene-berezin-huluHW.iSpaceVideo";
				PRODUCT_NAME = "$(TARGET_NAME)";
				SWIFT_VERSION = 5.0;
				TARGETED_DEVICE_FAMILY = "1,2";
			};
			name = Release;
		};
		0595F2E6252EA2F7000ED0A4 /* Debug */ = {
			isa = XCBuildConfiguration;
			baseConfigurationReference = 2982FE338ECA52E486F3DF62 /* Pods-iSpaceVideoTests.debug.xcconfig */;
			buildSettings = {
				ALWAYS_EMBED_SWIFT_STANDARD_LIBRARIES = YES;
				BUNDLE_LOADER = "$(TEST_HOST)";
				CODE_SIGN_STYLE = Automatic;
				DEVELOPMENT_TEAM = JGX8KL9J9F;
				INFOPLIST_FILE = iSpaceVideoTests/Info.plist;
				IPHONEOS_DEPLOYMENT_TARGET = 14.0;
				LD_RUNPATH_SEARCH_PATHS = (
					"$(inherited)",
					"@executable_path/Frameworks",
					"@loader_path/Frameworks",
				);
				PRODUCT_BUNDLE_IDENTIFIER = "com.eugene-berezin-huluHW.iSpaceVideoTests";
				PRODUCT_NAME = "$(TARGET_NAME)";
				SWIFT_VERSION = 5.0;
				TARGETED_DEVICE_FAMILY = "1,2";
				TEST_HOST = "$(BUILT_PRODUCTS_DIR)/iSpaceVideo.app/iSpaceVideo";
			};
			name = Debug;
		};
		0595F2E7252EA2F7000ED0A4 /* Release */ = {
			isa = XCBuildConfiguration;
			baseConfigurationReference = 9445F2CEF1E52EBDBDEE34FB /* Pods-iSpaceVideoTests.release.xcconfig */;
			buildSettings = {
				ALWAYS_EMBED_SWIFT_STANDARD_LIBRARIES = YES;
				BUNDLE_LOADER = "$(TEST_HOST)";
				CODE_SIGN_STYLE = Automatic;
				DEVELOPMENT_TEAM = JGX8KL9J9F;
				INFOPLIST_FILE = iSpaceVideoTests/Info.plist;
				IPHONEOS_DEPLOYMENT_TARGET = 14.0;
				LD_RUNPATH_SEARCH_PATHS = (
					"$(inherited)",
					"@executable_path/Frameworks",
					"@loader_path/Frameworks",
				);
				PRODUCT_BUNDLE_IDENTIFIER = "com.eugene-berezin-huluHW.iSpaceVideoTests";
				PRODUCT_NAME = "$(TARGET_NAME)";
				SWIFT_VERSION = 5.0;
				TARGETED_DEVICE_FAMILY = "1,2";
				TEST_HOST = "$(BUILT_PRODUCTS_DIR)/iSpaceVideo.app/iSpaceVideo";
			};
			name = Release;
		};
		0595F2E9252EA2F7000ED0A4 /* Debug */ = {
			isa = XCBuildConfiguration;
			baseConfigurationReference = C23348A9E671566D7D76B2F1 /* Pods-iSpaceVideo-iSpaceVideoUITests.debug.xcconfig */;
			buildSettings = {
				ALWAYS_EMBED_SWIFT_STANDARD_LIBRARIES = YES;
				CODE_SIGN_STYLE = Automatic;
				DEVELOPMENT_TEAM = JGX8KL9J9F;
				INFOPLIST_FILE = iSpaceVideoUITests/Info.plist;
				LD_RUNPATH_SEARCH_PATHS = (
					"$(inherited)",
					"@executable_path/Frameworks",
					"@loader_path/Frameworks",
				);
				PRODUCT_BUNDLE_IDENTIFIER = "com.eugene-berezin-huluHW.iSpaceVideoUITests";
				PRODUCT_NAME = "$(TARGET_NAME)";
				SWIFT_VERSION = 5.0;
				TARGETED_DEVICE_FAMILY = "1,2";
				TEST_TARGET_NAME = iSpaceVideo;
			};
			name = Debug;
		};
		0595F2EA252EA2F7000ED0A4 /* Release */ = {
			isa = XCBuildConfiguration;
			baseConfigurationReference = 5406AE3280DC4C3D6D3443C3 /* Pods-iSpaceVideo-iSpaceVideoUITests.release.xcconfig */;
			buildSettings = {
				ALWAYS_EMBED_SWIFT_STANDARD_LIBRARIES = YES;
				CODE_SIGN_STYLE = Automatic;
				DEVELOPMENT_TEAM = JGX8KL9J9F;
				INFOPLIST_FILE = iSpaceVideoUITests/Info.plist;
				LD_RUNPATH_SEARCH_PATHS = (
					"$(inherited)",
					"@executable_path/Frameworks",
					"@loader_path/Frameworks",
				);
				PRODUCT_BUNDLE_IDENTIFIER = "com.eugene-berezin-huluHW.iSpaceVideoUITests";
				PRODUCT_NAME = "$(TARGET_NAME)";
				SWIFT_VERSION = 5.0;
				TARGETED_DEVICE_FAMILY = "1,2";
				TEST_TARGET_NAME = iSpaceVideo;
			};
			name = Release;
		};
/* End XCBuildConfiguration section */

/* Begin XCConfigurationList section */
		0595F2B3252EA2F3000ED0A4 /* Build configuration list for PBXProject "iSpaceVideo" */ = {
			isa = XCConfigurationList;
			buildConfigurations = (
				0595F2E0252EA2F7000ED0A4 /* Debug */,
				0595F2E1252EA2F7000ED0A4 /* Release */,
			);
			defaultConfigurationIsVisible = 0;
			defaultConfigurationName = Release;
		};
		0595F2E2252EA2F7000ED0A4 /* Build configuration list for PBXNativeTarget "iSpaceVideo" */ = {
			isa = XCConfigurationList;
			buildConfigurations = (
				0595F2E3252EA2F7000ED0A4 /* Debug */,
				0595F2E4252EA2F7000ED0A4 /* Release */,
			);
			defaultConfigurationIsVisible = 0;
			defaultConfigurationName = Release;
		};
		0595F2E5252EA2F7000ED0A4 /* Build configuration list for PBXNativeTarget "iSpaceVideoTests" */ = {
			isa = XCConfigurationList;
			buildConfigurations = (
				0595F2E6252EA2F7000ED0A4 /* Debug */,
				0595F2E7252EA2F7000ED0A4 /* Release */,
			);
			defaultConfigurationIsVisible = 0;
			defaultConfigurationName = Release;
		};
		0595F2E8252EA2F7000ED0A4 /* Build configuration list for PBXNativeTarget "iSpaceVideoUITests" */ = {
			isa = XCConfigurationList;
			buildConfigurations = (
				0595F2E9252EA2F7000ED0A4 /* Debug */,
				0595F2EA252EA2F7000ED0A4 /* Release */,
			);
			defaultConfigurationIsVisible = 0;
			defaultConfigurationName = Release;
		};
/* End XCConfigurationList section */
	};
	rootObject = 0595F2B0252EA2F3000ED0A4 /* Project object */;
}
